
Microsoft Visual Studio Solution File, Format Version 12.00
# Visual Studio Version 17
VisualStudioVersion = 17.1.32421.90
MinimumVisualStudioVersion = 10.0.40219.1
Project("{9A19103F-16F7-4668-BE54-9A1E7A4F7556}") = "BudgetApp", "BudgetApp\BudgetApp.csproj", "{749DBC7E-A884-4F6D-A1A2-ACB7B8093188}"
EndProject
Project("{9A19103F-16F7-4668-BE54-9A1E7A4F7556}") = "Budget.Domain", "Budget.Domain\Budget.Domain.csproj", "{2AE276F2-3595-4144-BB21-6139025F9598}"
EndProject
Project("{9A19103F-16F7-4668-BE54-9A1E7A4F7556}") = "Budget.Application", "Budget.Application\Budget.Application.csproj", "{181BDE47-A0B9-4C34-B3A4-D8165C4EF638}"
EndProject
Project("{9A19103F-16F7-4668-BE54-9A1E7A4F7556}") = "Budget.Infrastructure", "Budget.Infrastructure\Budget.Infrastructure.csproj", "{43903E76-C8EE-425F-A0BE-A47078396CF3}"
EndProject
Project("{9A19103F-16F7-4668-BE54-9A1E7A4F7556}") = "Budget.Infrastructure.DTOS", "Budget.Domain.DTOS\Budget.Infrastructure.DTOS.csproj", "{10EC36CA-7301-49F9-8DB6-B9A43030842A}"
EndProject
Project("{9A19103F-16F7-4668-BE54-9A1E7A4F7556}") = "Budget.Infrastructure.Common", "Budget.Application.Common\Budget.Infrastructure.Common.csproj", "{425D1AA6-98E1-4F4A-8790-07F36E6B2601}"
EndProject
Global
	GlobalSection(SolutionConfigurationPlatforms) = preSolution
		Debug|Any CPU = Debug|Any CPU
		Release|Any CPU = Release|Any CPU
	EndGlobalSection
	GlobalSection(ProjectConfigurationPlatforms) = postSolution
		{749DBC7E-A884-4F6D-A1A2-ACB7B8093188}.Debug|Any CPU.ActiveCfg = Debug|Any CPU
		{749DBC7E-A884-4F6D-A1A2-ACB7B8093188}.Debug|Any CPU.Build.0 = Debug|Any CPU
		{749DBC7E-A884-4F6D-A1A2-ACB7B8093188}.Release|Any CPU.ActiveCfg = Release|Any CPU
		{749DBC7E-A884-4F6D-A1A2-ACB7B8093188}.Release|Any CPU.Build.0 = Release|Any CPU
		{2AE276F2-3595-4144-BB21-6139025F9598}.Debug|Any CPU.ActiveCfg = Debug|Any CPU
		{2AE276F2-3595-4144-BB21-6139025F9598}.Debug|Any CPU.Build.0 = Debug|Any CPU
		{2AE276F2-3595-4144-BB21-6139025F9598}.Release|Any CPU.ActiveCfg = Release|Any CPU
		{2AE276F2-3595-4144-BB21-6139025F9598}.Release|Any CPU.Build.0 = Release|Any CPU
		{181BDE47-A0B9-4C34-B3A4-D8165C4EF638}.Debug|Any CPU.ActiveCfg = Debug|Any CPU
		{181BDE47-A0B9-4C34-B3A4-D8165C4EF638}.Debug|Any CPU.Build.0 = Debug|Any CPU
		{181BDE47-A0B9-4C34-B3A4-D8165C4EF638}.Release|Any CPU.ActiveCfg = Release|Any CPU
		{181BDE47-A0B9-4C34-B3A4-D8165C4EF638}.Release|Any CPU.Build.0 = Release|Any CPU
		{43903E76-C8EE-425F-A0BE-A47078396CF3}.Debug|Any CPU.ActiveCfg = Debug|Any CPU
		{43903E76-C8EE-425F-A0BE-A47078396CF3}.Debug|Any CPU.Build.0 = Debug|Any CPU
		{43903E76-C8EE-425F-A0BE-A47078396CF3}.Release|Any CPU.ActiveCfg = Release|Any CPU
		{43903E76-C8EE-425F-A0BE-A47078396CF3}.Release|Any CPU.Build.0 = Release|Any CPU
		{10EC36CA-7301-49F9-8DB6-B9A43030842A}.Debug|Any CPU.ActiveCfg = Debug|Any CPU
		{10EC36CA-7301-49F9-8DB6-B9A43030842A}.Debug|Any CPU.Build.0 = Debug|Any CPU
		{10EC36CA-7301-49F9-8DB6-B9A43030842A}.Release|Any CPU.ActiveCfg = Release|Any CPU
		{10EC36CA-7301-49F9-8DB6-B9A43030842A}.Release|Any CPU.Build.0 = Release|Any CPU
		{425D1AA6-98E1-4F4A-8790-07F36E6B2601}.Debug|Any CPU.ActiveCfg = Debug|Any CPU
		{425D1AA6-98E1-4F4A-8790-07F36E6B2601}.Debug|Any CPU.Build.0 = Debug|Any CPU
		{425D1AA6-98E1-4F4A-8790-07F36E6B2601}.Release|Any CPU.ActiveCfg = Release|Any CPU
		{425D1AA6-98E1-4F4A-8790-07F36E6B2601}.Release|Any CPU.Build.0 = Release|Any CPU
	EndGlobalSection
	GlobalSection(SolutionProperties) = preSolution
		HideSolutionNode = FALSE
	EndGlobalSection
	GlobalSection(ExtensibilityGlobals) = postSolution
		SolutionGuid = {AD9DB447-663D-4B18-A471-83D3DEB46020}
	EndGlobalSection
EndGlobal
